
Microsoft Visual Studio Solution File, Format Version 12.00
# Visual Studio Version 16
VisualStudioVersion = 16.0.29920.165
MinimumVisualStudioVersion = 10.0.40219.1
Project("{9A19103F-16F7-4668-BE54-9A1E7A4F7556}") = "KPSyncForDrive", "src\KPSyncForDrive.csproj", "{4C1BB6F8-D2CD-49C2-9053-21705681356C}"
	ProjectSection(ProjectDependencies) = postProject
		{F7B92FBF-F5D8-45E0-B357-4CA8F05AD652} = {F7B92FBF-F5D8-45E0-B357-4CA8F05AD652}
	EndProjectSection
EndProject
Project("{9A19103F-16F7-4668-BE54-9A1E7A4F7556}") = "GenClientId", "lib\src\GenClientId\GenClientId.csproj", "{F7B92FBF-F5D8-45E0-B357-4CA8F05AD652}"
EndProject
Project("{9A19103F-16F7-4668-BE54-9A1E7A4F7556}") = "GenVerInfo", "lib\src\GenVerInfo\GenVerInfo.csproj", "{552F1DC6-E4B4-4766-B0B3-7A37276AB86B}"
EndProject
Project("{2150E333-8FDC-42A3-9474-1A3956D46DE8}") = "Solution Items", "Solution Items", "{DB85BFA0-DFCE-4E4D-B0D0-F282E8F5E5B3}"
	ProjectSection(SolutionItems) = preProject
		.editorconfig = .editorconfig
		.gitignore = .gitignore
		BuildMe.bat = BuildMe.bat
		BUILDME.md = BUILDME.md
		ChangeLog.md = ChangeLog.md
		README.md = README.md
	EndProjectSection
EndProject
Project("{FAE04EC0-301F-11D3-BF4B-00C04F79EFBC}") = "WindowsControls", "lib\src\WindowsControls\WindowsControls.csproj", "{31D48296-6B88-4532-B0C3-6DDBF183499F}"
EndProject
Global
	GlobalSection(SolutionConfigurationPlatforms) = preSolution
		Debug|Any CPU = Debug|Any CPU
		Release|Any CPU = Release|Any CPU
	EndGlobalSection
	GlobalSection(ProjectConfigurationPlatforms) = postSolution
		{4C1BB6F8-D2CD-49C2-9053-21705681356C}.Debug|Any CPU.ActiveCfg = Debug|Any CPU
		{4C1BB6F8-D2CD-49C2-9053-21705681356C}.Debug|Any CPU.Build.0 = Debug|Any CPU
		{4C1BB6F8-D2CD-49C2-9053-21705681356C}.Release|Any CPU.ActiveCfg = Release|Any CPU
		{4C1BB6F8-D2CD-49C2-9053-21705681356C}.Release|Any CPU.Build.0 = Release|Any CPU
		{F7B92FBF-F5D8-45E0-B357-4CA8F05AD652}.Debug|Any CPU.ActiveCfg = Debug|Any CPU
		{F7B92FBF-F5D8-45E0-B357-4CA8F05AD652}.Debug|Any CPU.Build.0 = Debug|Any CPU
		{F7B92FBF-F5D8-45E0-B357-4CA8F05AD652}.Release|Any CPU.ActiveCfg = Release|Any CPU
		{F7B92FBF-F5D8-45E0-B357-4CA8F05AD652}.Release|Any CPU.Build.0 = Release|Any CPU
		{552F1DC6-E4B4-4766-B0B3-7A37276AB86B}.Debug|Any CPU.ActiveCfg = Debug|Any CPU
		{552F1DC6-E4B4-4766-B0B3-7A37276AB86B}.Debug|Any CPU.Build.0 = Debug|Any CPU
		{552F1DC6-E4B4-4766-B0B3-7A37276AB86B}.Release|Any CPU.ActiveCfg = Release|Any CPU
		{552F1DC6-E4B4-4766-B0B3-7A37276AB86B}.Release|Any CPU.Build.0 = Release|Any CPU
		{31D48296-6B88-4532-B0C3-6DDBF183499F}.Debug|Any CPU.ActiveCfg = Debug|Any CPU
		{31D48296-6B88-4532-B0C3-6DDBF183499F}.Debug|Any CPU.Build.0 = Debug|Any CPU
		{31D48296-6B88-4532-B0C3-6DDBF183499F}.Release|Any CPU.ActiveCfg = Release|Any CPU
		{31D48296-6B88-4532-B0C3-6DDBF183499F}.Release|Any CPU.Build.0 = Release|Any CPU
	EndGlobalSection
	GlobalSection(SolutionProperties) = preSolution
		HideSolutionNode = FALSE
	EndGlobalSection
	GlobalSection(ExtensibilityGlobals) = postSolution
		SolutionGuid = {3428FF2B-6301-4595-A613-6620C24789B8}
	EndGlobalSection
EndGlobal
